{
  "version": "2",
  "remote": {
    "https://cdn.skypack.dev/-/@sinonjs/fake-timers@v10.0.2-7Q9DvtEGUhxo9tseVUWV/dist=es2019,mode=types/index.d.ts": "f83b320cceccfc48457a818d18fc9a006ab18d0bdd727aa2c2e73dc1b4a45e98",
    "https://cdn.skypack.dev/-/@sinonjs/fake-timers@v7.1.2-ixsdnXajQrmeGBLmevQ2/dist=es2019,mode=types/types/fake-timers-src.d.ts": "6b40029289530423f407a22755c85b81740f9acfd88d2b53564f8c1657c26660",
    "https://cdn.skypack.dev/-/@sinonjs/fake-timers@v9.1.2-KzX0ompb8odSUvoOapks/dist=es2019,mode=types/index.d.ts": "f83b320cceccfc48457a818d18fc9a006ab18d0bdd727aa2c2e73dc1b4a45e98",
    "https://cdn.skypack.dev/-/assertion-error@v1.1.0-kNvqltoxcdROsufUrL09/dist=es2019,mode=imports/optimized/assertion-error.js": "fb392c145699a7beacbabe94b21ee5d0219707929450fffbb18eb83b8318c818",
    "https://cdn.skypack.dev/-/chai-as-promised@v7.1.1-V8qEOEdB9XCPaGNrdaUw/dist=es2019,mode=imports/optimized/chai-as-promised.js": "d7cd7f53c84e3959c4d1d428385e7f5a0eee45baa66e4a041732ac31cf4869da",
    "https://cdn.skypack.dev/-/chai-as-promised@v7.1.1-V8qEOEdB9XCPaGNrdaUw/dist=es2019,mode=types/index.d.ts": "1fec4bad3aa3ed84c4839b7ed6725872a94dde3db86505445d812e955bcbfa7b",
    "https://cdn.skypack.dev/-/chai@v4.3.4-4LD1LjgHWVQjvyMFe7sm/dist=es2019,mode=imports/optimized/chai.js": "2d517f26a740a2c43a158c510ba0c97b1743f1825022583234f7f3b8ec6b7599",
    "https://cdn.skypack.dev/-/chai@v4.3.4-4LD1LjgHWVQjvyMFe7sm/dist=es2019,mode=types/index.d.ts": "b6c73080490a06c472c0f05afba3b564b170f39bbaeca57d0b60a6bcd98a840c",
    "https://cdn.skypack.dev/-/check-error@v1.0.2-pv7N1FcwI8awT920b4E0/dist=es2019,mode=imports/optimized/check-error.js": "c00358ede04680f37b081564d88b9457e9812bb3c5c7effc90acb090f3bd73f4",
    "https://cdn.skypack.dev/-/deep-eql@v3.0.1-EVT6yn6LFH7vvQx4YnOu/dist=es2019,mode=imports/optimized/deep-eql.js": "e8a3877f0ee43db99f1b903a8b527c57827fe2753a0f0fd560563aa2e435a0d3",
    "https://cdn.skypack.dev/-/get-func-name@v2.0.0-scW92yE6OFNJbvjxk2uF/dist=es2019,mode=imports/optimized/get-func-name.js": "8926a16a678d5ca12cae705fa8a5be600aaf5355e601d34575f1bd9af64a170c",
    "https://cdn.skypack.dev/-/pathval@v1.1.1-4hf44tKt2vdiXpyywiwN/dist=es2019,mode=imports/optimized/pathval.js": "778f821f97d08e946a894e3b94635a63121d8bd5000aeb3d00785318d5ed32de",
    "https://cdn.skypack.dev/-/sinon-chai@v3.7.0-sPO3yztXU6JvAbBcqOA6/dist=es2019,mode=imports/optimized/sinon-chai.js": "da69ffb373302464defc70b76f18a103fedad00eca82751840388a4881d452bb",
    "https://cdn.skypack.dev/-/sinon-chai@v3.7.0-sPO3yztXU6JvAbBcqOA6/dist=es2019,mode=types/index.d.ts": "1b96f339dbcb43da644b021168045ac6236520a3f8017c622dcc0503b23e54f5",
    "https://cdn.skypack.dev/-/sinon@v11.1.1-a4QDxvQ2C1lyBOKwzLcr/dist=es2019,mode=types/index.d.ts": "194a06aac2c91f395d387a41a7b74a1cf3b153049c68f698f3da5c106bc71968",
    "https://cdn.skypack.dev/-/sinon@v14.0.1-R4Dmc6jwDhTlpW3nZ87W/dist=es2019,mode=imports/optimized/sinon.js": "1588952d6d326c66bb21c29a8ee10c6ec458c5d09442533af094a6218bd1528c",
    "https://cdn.skypack.dev/-/sinon@v14.0.1-R4Dmc6jwDhTlpW3nZ87W/dist=es2019,mode=types/index.d.ts": "0f2e3eac43c7fe1f475144a590bfc0a7e589f478b09e399a1a1cd36c97de38d1",
    "https://cdn.skypack.dev/-/sinon@v15.0.0-L64XeW6k7UVPYDQEDEYr/dist=es2019,mode=imports/optimized/sinon.js": "ec652f5675f6f0905ec15362cd8d7fea6406389e6f3748d5c59b9d5e75197af4",
    "https://cdn.skypack.dev/-/sinon@v15.0.0-L64XeW6k7UVPYDQEDEYr/dist=es2019,mode=types/index.d.ts": "0f2e3eac43c7fe1f475144a590bfc0a7e589f478b09e399a1a1cd36c97de38d1",
    "https://cdn.skypack.dev/-/sinon@v15.0.1-qlKtgxOm72taiA3pbkK2/dist=es2019,mode=imports/optimized/sinon.js": "4fa78f658343ba3153a936f7ff0488ad9845324c1854d6d73a0a6d7a5d4bc7d5",
    "https://cdn.skypack.dev/-/sinon@v15.0.1-qlKtgxOm72taiA3pbkK2/dist=es2019,mode=types/index.d.ts": "e49a3c9e2a9a7386a21a6c1ebf9d3883b2712c99fc14ecf8ea1433f6e7a5845c",
    "https://cdn.skypack.dev/-/type-detect@v4.0.8-3tmjjwwFw2jHiLYy7SbM/dist=es2019,mode=imports/optimized/type-detect.js": "eb7ac639d3de6a0b64aaf9032a5b01ab79afb7c768cc02c07956613ecbd0bd32",
    "https://cdn.skypack.dev/chai-as-promised@7.1.1?dts": "830017e3a2f15f0f888639655c861d666ffa3c290b30fb095609c6781cd7b9d3",
    "https://cdn.skypack.dev/chai@4.3.4?dts": "19489c45018b0bcfb63455624ade9adf84e2a3c99a08379160d90763ba7e3f41",
    "https://cdn.skypack.dev/error/unknown:chai?from=chai-as-promised": "d81c24bdeb6353bd4c69635a787f47511d41c71940b159e88e0e7a15d7573b95",
    "https://cdn.skypack.dev/error/unknown:chai?from=sinon-chai": "c5eea0fab0f428ffb949645e4adcb0da74722dc5b483bb13bf48d0723436a185",
    "https://cdn.skypack.dev/sinon-chai?dts": "e1773fa39d5bebee9e9f4a32b62ebc67c7330043a725ecf0e4c9bf5730738db1",
    "https://cdn.skypack.dev/sinon-chai@3.7.0?dts": "e1773fa39d5bebee9e9f4a32b62ebc67c7330043a725ecf0e4c9bf5730738db1",
    "https://cdn.skypack.dev/sinon?dts": "a49e1102329bd9dd61fceb8fc42177e83fed65135afb219ff2717fd94e031222",
    "https://cdn.skypack.dev/sinon@14.0.1?dts": "4fb5201e70d4a4333fb18773921b55d1d2839fc291d39f43d0e24e982b85cfc3",
    "https://cdn.skypack.dev/sinon@15.0.1?dts": "220487f84273811340f37025cfa8c092492aaa700d9318fe2938f4adb04fea5e",
    "https://deno.land/std@0.161.0/_util/assert.ts": "e94f2eb37cebd7f199952e242c77654e43333c1ac4c5c700e929ea3aa5489f74",
    "https://deno.land/std@0.161.0/_util/os.ts": "8a33345f74990e627b9dfe2de9b040004b08ea5146c7c9e8fe9a29070d193934",
    "https://deno.land/std@0.161.0/bytes/bytes_list.ts": "aba5e2369e77d426b10af1de0dcc4531acecec27f9b9056f4f7bfbf8ac147ab4",
    "https://deno.land/std@0.161.0/bytes/equals.ts": "3c3558c3ae85526f84510aa2b48ab2ad7bdd899e2e0f5b7a8ffc85acb3a6043a",
    "https://deno.land/std@0.161.0/bytes/mod.ts": "b2e342fd3669176a27a4e15061e9d588b89c1aaf5008ab71766e23669565d179",
    "https://deno.land/std@0.161.0/encoding/_yaml/dumper/dumper.ts": "5bd334372608a1aec7a2343705930889d4048f57a2c4d398f1d6d75996ecd0d3",
    "https://deno.land/std@0.161.0/encoding/_yaml/dumper/dumper_state.ts": "3c1bc8519c1832f0f136856881b97f0b42f64b7968767dbc36b8b0b6cae963dc",
    "https://deno.land/std@0.161.0/encoding/_yaml/error.ts": "6ca899f6d86c6979bce6d7c3a6a8e2a360b09d8b0f55d2e649bd1233604fb7c9",
    "https://deno.land/std@0.161.0/encoding/_yaml/loader/loader.ts": "db200890459e9490b21d8ce657d9566327e1d1d20ed493393a1f04a51516436c",
    "https://deno.land/std@0.161.0/encoding/_yaml/loader/loader_state.ts": "59124e56d864274ce4043dca8bf63e937c6e960e4ad120465e424b38f3469b2d",
    "https://deno.land/std@0.161.0/encoding/_yaml/mark.ts": "7f67f43755b2602fefe52012eb3ab627880da97edd0f6c00f916ceb2ddb1b5d1",
    "https://deno.land/std@0.161.0/encoding/_yaml/parse.ts": "8f362dc01401099263d73a4bfa00bc90ea456d202507d62a11dfcfeac74484f5",
    "https://deno.land/std@0.161.0/encoding/_yaml/schema.ts": "db295ea6079fce9c38f4ee2ff1233c65db598b35b379551e445b558534b2e1fd",
    "https://deno.land/std@0.161.0/encoding/_yaml/schema/core.ts": "bcb47a389d596369fbfccf73a6b221ac3ca5440149b4f6df1e707f2efc6854ef",
    "https://deno.land/std@0.161.0/encoding/_yaml/schema/default.ts": "8b6bd9cb1cab07a3397e1cc3843edba6ad40d1bd15687c1f56cd977da834d984",
    "https://deno.land/std@0.161.0/encoding/_yaml/schema/extended.ts": "5e0bfd9a28c7a82ba40fc7ff7890df7469ec85390320349974acbc627ae1be88",
    "https://deno.land/std@0.161.0/encoding/_yaml/schema/failsafe.ts": "7254a9ca0dff8f30377098622812e55c4535aaf352fecb4ec51939e596bd74e7",
    "https://deno.land/std@0.161.0/encoding/_yaml/schema/json.ts": "2205d0d3d3377de56f92ac0f4a82bf561ea0d7b86eb195c9f0c32c7c7871d78f",
    "https://deno.land/std@0.161.0/encoding/_yaml/schema/mod.ts": "6769df6082aceee9849f71168f4353ba4f92e4a2a5a429a422debac13a593d4e",
    "https://deno.land/std@0.161.0/encoding/_yaml/state.ts": "374b8dc170417beccb364e543b25eef73576196f4a526836bb3a621b87a204a3",
    "https://deno.land/std@0.161.0/encoding/_yaml/stringify.ts": "ec15035c1928f96f4e42c0a0e9f3082512e294fd6b8ff6a0403a3ee9282f69aa",
    "https://deno.land/std@0.161.0/encoding/_yaml/type.ts": "95ad0cdbab49343b1527ebc7762c477726c34702438375be6781b44e03e9fcfc",
    "https://deno.land/std@0.161.0/encoding/_yaml/type/binary.ts": "8ae1bdeebe090133b1d1e1ef8427d5ea03f8b6f8944bd2eca578c81330700b0a",
    "https://deno.land/std@0.161.0/encoding/_yaml/type/bool.ts": "95c030531adc3d66a59979dc25c2fcdeb1f58ae40a91d6f9e9a537af0fd2b5a4",
    "https://deno.land/std@0.161.0/encoding/_yaml/type/float.ts": "60e26783fd0e4472bd222e028323ff68e0c5ff37a9871298c676335d8574cf87",
    "https://deno.land/std@0.161.0/encoding/_yaml/type/function.ts": "b5642dda5ef8d47c0325a2b89a022cbce3be45ba21f8c4f9202364d967c6b3e5",
    "https://deno.land/std@0.161.0/encoding/_yaml/type/int.ts": "166cdd73d9473373e0e65e9f65d5fd8e96cbd303b58535e2ff2e049bb73dbefb",
    "https://deno.land/std@0.161.0/encoding/_yaml/type/map.ts": "78bf5447d2e3f79d59bf7cb63a76ca7797854a0d8e2154c6fd35775c4e5c8c61",
    "https://deno.land/std@0.161.0/encoding/_yaml/type/merge.ts": "094b272e6087c6aef39cd9617fa6603ec934e507faad6c276d293e2734f9b083",
    "https://deno.land/std@0.161.0/encoding/_yaml/type/mod.ts": "b2f267dc0b0296cf8f6109aa129e2cf6d1e1f8c59f8903f0330c18749eca2d3c",
    "https://deno.land/std@0.161.0/encoding/_yaml/type/nil.ts": "1988843acab56e99e883cd047c40cc7fb799b6d335f541f022ae3b914abcbe35",
    "https://deno.land/std@0.161.0/encoding/_yaml/type/omap.ts": "fd3f2f9a8ae634996da84d021353ac8bf4b41e714f2711159d756d0e2f3aabd1",
    "https://deno.land/std@0.161.0/encoding/_yaml/type/pairs.ts": "90736f87b6e39a144205a235d8851f7bebf6bb3835fd03742c30253d5ecd7ec5",
    "https://deno.land/std@0.161.0/encoding/_yaml/type/regexp.ts": "a9e70491fa7ede8689b933d81142aa7635a253733a4df626bd479c55cb64222e",
    "https://deno.land/std@0.161.0/encoding/_yaml/type/seq.ts": "135f37a1b6dcb3688bc0dad0c9dc3a04370b1fc94267960586ea23877ffd3088",
    "https://deno.land/std@0.161.0/encoding/_yaml/type/set.ts": "2937ac0e1ce8c121a4009e74568e341e2a380fdb5f41f16050ce2ca7537b2bd8",
    "https://deno.land/std@0.161.0/encoding/_yaml/type/str.ts": "6420d3a0099d9fbc35861241b7dad65b800ff3909efe71ab71c895326187ab8d",
    "https://deno.land/std@0.161.0/encoding/_yaml/type/timestamp.ts": "3db0667dd9bdc3b3f0e8596fff023e87bc9fca230a545bb67d0bf3b732c1c656",
    "https://deno.land/std@0.161.0/encoding/_yaml/type/undefined.ts": "5b595082d064cf50a3345f5fdda8c02beb0768e9d97d4bd4c53ac81a9f94e185",
    "https://deno.land/std@0.161.0/encoding/_yaml/utils.ts": "c7e6bf055b08fffe700c7cbdfa2939cab7b9676ff75b6dc98d72d41b3b173d37",
    "https://deno.land/std@0.161.0/encoding/yaml.ts": "4c02197eb797e40dfe0720fbe32a9990c935f02cf75b6091b36c0710c3218cf6",
    "https://deno.land/std@0.161.0/fmt/colors.ts": "9e36a716611dcd2e4865adea9c4bec916b5c60caad4cdcdc630d4974e6bb8bd4",
    "https://deno.land/std@0.161.0/fs/exists.ts": "6a447912e49eb79cc640adacfbf4b0baf8e17ede6d5bed057062ce33c4fa0d68",
    "https://deno.land/std@0.161.0/io/buffer.ts": "fae02290f52301c4e0188670e730cd902f9307fb732d79c4aa14ebdc82497289",
    "https://deno.land/std@0.161.0/io/mod.ts": "6e781ebafd5cdccf9ab4afa1f499b08c513602d023cb08ceebc58758501f78bd",
    "https://deno.land/std@0.161.0/io/readers.ts": "45847ad404afd2f605eae1cff193f223462bc55eeb9ae313c2f3db28aada0fd6",
    "https://deno.land/std@0.161.0/io/types.d.ts": "107e1e64834c5ba917c783f446b407d33432c5d612c4b3430df64fc2b4ecf091",
    "https://deno.land/std@0.161.0/io/util.ts": "23e706b4b6a3ebb34af00ad74d7549d906f3211fc98c1fba1185a36e017fb727",
    "https://deno.land/std@0.161.0/io/writers.ts": "2e1c63ffd0cfba411b1fd8374609abff9ea86187c9d4d885d42e6fc20325ef0e",
    "https://deno.land/std@0.161.0/log/handlers.ts": "61ab932822ba268ad42b25de6f0014892fe469df7627b14245ad32db6fd8b54d",
    "https://deno.land/std@0.161.0/log/levels.ts": "82c965b90f763b5313e7595d4ba78d5095a13646d18430ebaf547526131604d1",
    "https://deno.land/std@0.161.0/log/logger.ts": "b545159727b023825ee6814d9178fb2a7472f8d95d704c253b771b95c658cf8c",
    "https://deno.land/std@0.161.0/log/mod.ts": "62d56c28e8fbaa0f6c8b6df41cb31e47c51ae8a93e78559612ecb5a4f76d7424",
    "https://deno.land/std@0.161.0/path/_constants.ts": "df1db3ffa6dd6d1252cc9617e5d72165cd2483df90e93833e13580687b6083c3",
    "https://deno.land/std@0.161.0/path/_interface.ts": "ee3b431a336b80cf445441109d089b70d87d5e248f4f90ff906820889ecf8d09",
    "https://deno.land/std@0.161.0/path/_util.ts": "d16be2a16e1204b65f9d0dfc54a9bc472cafe5f4a190b3c8471ec2016ccd1677",
    "https://deno.land/std@0.161.0/path/common.ts": "bee563630abd2d97f99d83c96c2fa0cca7cee103e8cb4e7699ec4d5db7bd2633",
    "https://deno.land/std@0.161.0/path/glob.ts": "cb5255638de1048973c3e69e420c77dc04f75755524cb3b2e160fe9277d939ee",
    "https://deno.land/std@0.161.0/path/mod.ts": "56fec03ad0ebd61b6ab39ddb9b0ddb4c4a5c9f2f4f632e09dd37ec9ebfd722ac",
    "https://deno.land/std@0.161.0/path/posix.ts": "6b63de7097e68c8663c84ccedc0fd977656eb134432d818ecd3a4e122638ac24",
    "https://deno.land/std@0.161.0/path/separator.ts": "fe1816cb765a8068afb3e8f13ad272351c85cbc739af56dacfc7d93d710fe0f9",
    "https://deno.land/std@0.161.0/path/win32.ts": "ee8826dce087d31c5c81cd414714e677eb68febc40308de87a2ce4b40e10fb8d",
    "https://deno.land/std@0.161.0/testing/_test_suite.ts": "2d07073d5460a4e3ec50c55ae822cd9bd136926d7363091379947fef9c73c3e4",
    "https://deno.land/std@0.161.0/testing/bdd.ts": "35060cefd9cc21b414f4d89453b3551a3d52ec50aeff25db432503c5485b2f72",
    "https://deno.land/std@0.170.0/_util/asserts.ts": "d0844e9b62510f89ce1f9878b046f6a57bf88f208a10304aab50efcb48365272",
    "https://deno.land/std@0.170.0/_util/os.ts": "8a33345f74990e627b9dfe2de9b040004b08ea5146c7c9e8fe9a29070d193934",
    "https://deno.land/std@0.170.0/bytes/bytes_list.ts": "aba5e2369e77d426b10af1de0dcc4531acecec27f9b9056f4f7bfbf8ac147ab4",
    "https://deno.land/std@0.170.0/bytes/concat.ts": "97a1274e117510ffffc9499c4debb9541e408732bab2e0ca624869ae13103c10",
    "https://deno.land/std@0.170.0/bytes/copy.ts": "d14a58f188a997ee0d2ba696d0c82a42f4fb4b6705e90a4238b77d7644dae24c",
    "https://deno.land/std@0.170.0/encoding/_yaml/dumper/dumper.ts": "5bd334372608a1aec7a2343705930889d4048f57a2c4d398f1d6d75996ecd0d3",
    "https://deno.land/std@0.170.0/encoding/_yaml/dumper/dumper_state.ts": "3c1bc8519c1832f0f136856881b97f0b42f64b7968767dbc36b8b0b6cae963dc",
    "https://deno.land/std@0.170.0/encoding/_yaml/error.ts": "6ca899f6d86c6979bce6d7c3a6a8e2a360b09d8b0f55d2e649bd1233604fb7c9",
    "https://deno.land/std@0.170.0/encoding/_yaml/loader/loader.ts": "db200890459e9490b21d8ce657d9566327e1d1d20ed493393a1f04a51516436c",
    "https://deno.land/std@0.170.0/encoding/_yaml/loader/loader_state.ts": "59124e56d864274ce4043dca8bf63e937c6e960e4ad120465e424b38f3469b2d",
    "https://deno.land/std@0.170.0/encoding/_yaml/mark.ts": "7f67f43755b2602fefe52012eb3ab627880da97edd0f6c00f916ceb2ddb1b5d1",
    "https://deno.land/std@0.170.0/encoding/_yaml/parse.ts": "f0c9b19957b78003e268cea886451d9eb5a71645308c1e64db05efb669ffb114",
    "https://deno.land/std@0.170.0/encoding/_yaml/schema.ts": "db295ea6079fce9c38f4ee2ff1233c65db598b35b379551e445b558534b2e1fd",
    "https://deno.land/std@0.170.0/encoding/_yaml/schema/core.ts": "bcb47a389d596369fbfccf73a6b221ac3ca5440149b4f6df1e707f2efc6854ef",
    "https://deno.land/std@0.170.0/encoding/_yaml/schema/default.ts": "8b6bd9cb1cab07a3397e1cc3843edba6ad40d1bd15687c1f56cd977da834d984",
    "https://deno.land/std@0.170.0/encoding/_yaml/schema/extended.ts": "e8b8976bcfda4c339709fba75787168fbc780458e52b9729386284d33f57e21a",
    "https://deno.land/std@0.170.0/encoding/_yaml/schema/failsafe.ts": "7254a9ca0dff8f30377098622812e55c4535aaf352fecb4ec51939e596bd74e7",
    "https://deno.land/std@0.170.0/encoding/_yaml/schema/json.ts": "2205d0d3d3377de56f92ac0f4a82bf561ea0d7b86eb195c9f0c32c7c7871d78f",
    "https://deno.land/std@0.170.0/encoding/_yaml/schema/mod.ts": "6769df6082aceee9849f71168f4353ba4f92e4a2a5a429a422debac13a593d4e",
    "https://deno.land/std@0.170.0/encoding/_yaml/state.ts": "374b8dc170417beccb364e543b25eef73576196f4a526836bb3a621b87a204a3",
    "https://deno.land/std@0.170.0/encoding/_yaml/stringify.ts": "ec15035c1928f96f4e42c0a0e9f3082512e294fd6b8ff6a0403a3ee9282f69aa",
    "https://deno.land/std@0.170.0/encoding/_yaml/type.ts": "95ad0cdbab49343b1527ebc7762c477726c34702438375be6781b44e03e9fcfc",
    "https://deno.land/std@0.170.0/encoding/_yaml/type/binary.ts": "04c00f4e5c491c0c09e894dfd4e2ce312d5cf4bb2a9eb04c4a05d3a6fb17bfbe",
    "https://deno.land/std@0.170.0/encoding/_yaml/type/bool.ts": "95c030531adc3d66a59979dc25c2fcdeb1f58ae40a91d6f9e9a537af0fd2b5a4",
    "https://deno.land/std@0.170.0/encoding/_yaml/type/float.ts": "60e26783fd0e4472bd222e028323ff68e0c5ff37a9871298c676335d8574cf87",
    "https://deno.land/std@0.170.0/encoding/_yaml/type/function.ts": "b5642dda5ef8d47c0325a2b89a022cbce3be45ba21f8c4f9202364d967c6b3e5",
    "https://deno.land/std@0.170.0/encoding/_yaml/type/int.ts": "166cdd73d9473373e0e65e9f65d5fd8e96cbd303b58535e2ff2e049bb73dbefb",
    "https://deno.land/std@0.170.0/encoding/_yaml/type/map.ts": "78bf5447d2e3f79d59bf7cb63a76ca7797854a0d8e2154c6fd35775c4e5c8c61",
    "https://deno.land/std@0.170.0/encoding/_yaml/type/merge.ts": "094b272e6087c6aef39cd9617fa6603ec934e507faad6c276d293e2734f9b083",
    "https://deno.land/std@0.170.0/encoding/_yaml/type/mod.ts": "b2f267dc0b0296cf8f6109aa129e2cf6d1e1f8c59f8903f0330c18749eca2d3c",
    "https://deno.land/std@0.170.0/encoding/_yaml/type/nil.ts": "1988843acab56e99e883cd047c40cc7fb799b6d335f541f022ae3b914abcbe35",
    "https://deno.land/std@0.170.0/encoding/_yaml/type/omap.ts": "fd3f2f9a8ae634996da84d021353ac8bf4b41e714f2711159d756d0e2f3aabd1",
    "https://deno.land/std@0.170.0/encoding/_yaml/type/pairs.ts": "90736f87b6e39a144205a235d8851f7bebf6bb3835fd03742c30253d5ecd7ec5",
    "https://deno.land/std@0.170.0/encoding/_yaml/type/regexp.ts": "a9e70491fa7ede8689b933d81142aa7635a253733a4df626bd479c55cb64222e",
    "https://deno.land/std@0.170.0/encoding/_yaml/type/seq.ts": "135f37a1b6dcb3688bc0dad0c9dc3a04370b1fc94267960586ea23877ffd3088",
    "https://deno.land/std@0.170.0/encoding/_yaml/type/set.ts": "2937ac0e1ce8c121a4009e74568e341e2a380fdb5f41f16050ce2ca7537b2bd8",
    "https://deno.land/std@0.170.0/encoding/_yaml/type/str.ts": "6420d3a0099d9fbc35861241b7dad65b800ff3909efe71ab71c895326187ab8d",
    "https://deno.land/std@0.170.0/encoding/_yaml/type/timestamp.ts": "3db0667dd9bdc3b3f0e8596fff023e87bc9fca230a545bb67d0bf3b732c1c656",
    "https://deno.land/std@0.170.0/encoding/_yaml/type/undefined.ts": "5b595082d064cf50a3345f5fdda8c02beb0768e9d97d4bd4c53ac81a9f94e185",
    "https://deno.land/std@0.170.0/encoding/_yaml/utils.ts": "c7e6bf055b08fffe700c7cbdfa2939cab7b9676ff75b6dc98d72d41b3b173d37",
    "https://deno.land/std@0.170.0/encoding/yaml.ts": "42baa442cb37a7e1f5d1aa5256ba988d139fe7bb2940151d8ed689be0ea67ce9",
    "https://deno.land/std@0.170.0/fmt/colors.ts": "03ad95e543d2808bc43c17a3dd29d25b43d0f16287fe562a0be89bf632454a12",
    "https://deno.land/std@0.170.0/fs/exists.ts": "6a447912e49eb79cc640adacfbf4b0baf8e17ede6d5bed057062ce33c4fa0d68",
    "https://deno.land/std@0.170.0/io/buf_reader.ts": "6c0eb067040a9931be2d24de50f56e67b10e3ff69d5344575df06caddf551417",
    "https://deno.land/std@0.170.0/io/buf_writer.ts": "b1ee5325cec3386596c67b1c7510bfc7e42b2f505060fe2e9d6536cdefdbb30c",
    "https://deno.land/std@0.170.0/io/buffer.ts": "04e4d9a7bffffeddd75df7da795001871857d83f8e7772e6a3eee9d174f33d38",
    "https://deno.land/std@0.170.0/io/copy_n.ts": "1792d3ee1ff25243bd072259ba707afbfbff4a5475b733a93ac91c0d62bff669",
    "https://deno.land/std@0.170.0/io/limited_reader.ts": "a789b1ce2b22833f2d249325ac3e4416e381c8fedf49970c24764184f3e8fe48",
    "https://deno.land/std@0.170.0/io/mod.ts": "f40c60cd7470cac54560ae24c5d085884d80e7d1c7b67113ec63ab3c1efb05b1",
    "https://deno.land/std@0.170.0/io/multi_reader.ts": "9d85515c0f707c0aad41e3d9e1cde88afb5ee4795a278961a8cad1d08d7943ef",
    "https://deno.land/std@0.170.0/io/read_delim.ts": "6bff17d31730eeab402633ee53701ac16e7b575a343c432acf7bd61bd649fd05",
    "https://deno.land/std@0.170.0/io/read_int.ts": "450166b029ffd72e976c7c44cd54959709f25ac54e965b0d65b2c1cbbdaf788b",
    "https://deno.land/std@0.170.0/io/read_lines.ts": "51e2841394effe1473f588de2a87d62b1c2deb63ce869115506324e228f9e67b",
    "https://deno.land/std@0.170.0/io/read_long.ts": "df004f58988b0ed502d895aabc34a78a5d95f45ff1561e6442b42a807918d3ca",
    "https://deno.land/std@0.170.0/io/read_range.ts": "97cd0f31044c8aff147b4c1b1087442b6c6295b662b870ff8704915369d6637b",
    "https://deno.land/std@0.170.0/io/read_short.ts": "3e95f068465db1a90dcb2878a7ada31158970685dce70e5e5cc78642054435b9",
    "https://deno.land/std@0.170.0/io/read_string_delim.ts": "70b20eebd853269252d4a833834a2677b711f216842709d11005ba291d822a0a",
    "https://deno.land/std@0.170.0/io/slice_long_to_bytes.ts": "9b8408430b2b9bb79e70c6eb3e4e8248a13b5562af4a95ae4f8f96dffa64c37e",
    "https://deno.land/std@0.170.0/io/string_reader.ts": "76938008e274697941ac7b2e02b9b399db6adda9538a7414a973ba5d4463a027",
    "https://deno.land/std@0.170.0/io/string_writer.ts": "e2f9277e96cc197209a2c12a29c1ed58e6162ab3e4d72f6cfad7b96f30f26685",
    "https://deno.land/std@0.170.0/io/types.d.ts": "790d3a3fa6b7f298d4cfbcf8bfd9d4be595c1b1acaa3eebb3009177df98bf93c",
    "https://deno.land/std@0.170.0/log/handlers.ts": "b79b5eaf8681b17c507d9d0c2de22853507e30d35fe336e306b36498506977b3",
    "https://deno.land/std@0.170.0/log/levels.ts": "3043c0bf69b1de718488feb6e0ded2d64f6aef362fe73f762b506f32b1029ea2",
    "https://deno.land/std@0.170.0/log/logger.ts": "83fb231064a38736fbfd078fe6624e21ed2537733de7baa1cdd749b8c3c9d991",
    "https://deno.land/std@0.170.0/log/mod.ts": "6ff372a706ecef125a9fd455931ae00741d6408562c84cf2fbdc35a2c2a840af",
    "https://deno.land/std@0.170.0/path/_constants.ts": "df1db3ffa6dd6d1252cc9617e5d72165cd2483df90e93833e13580687b6083c3",
    "https://deno.land/std@0.170.0/path/_interface.ts": "ee3b431a336b80cf445441109d089b70d87d5e248f4f90ff906820889ecf8d09",
    "https://deno.land/std@0.170.0/path/_util.ts": "d16be2a16e1204b65f9d0dfc54a9bc472cafe5f4a190b3c8471ec2016ccd1677",
    "https://deno.land/std@0.170.0/path/common.ts": "bee563630abd2d97f99d83c96c2fa0cca7cee103e8cb4e7699ec4d5db7bd2633",
    "https://deno.land/std@0.170.0/path/glob.ts": "81cc6c72be002cd546c7a22d1f263f82f63f37fe0035d9726aa96fc8f6e4afa1",
    "https://deno.land/std@0.170.0/path/mod.ts": "cf7cec7ac11b7048bb66af8ae03513e66595c279c65cfa12bfc07d9599608b78",
    "https://deno.land/std@0.170.0/path/posix.ts": "b859684bc4d80edfd4cad0a82371b50c716330bed51143d6dcdbe59e6278b30c",
    "https://deno.land/std@0.170.0/path/separator.ts": "fe1816cb765a8068afb3e8f13ad272351c85cbc739af56dacfc7d93d710fe0f9",
    "https://deno.land/std@0.170.0/path/win32.ts": "7cebd2bda6657371adc00061a1d23fdd87bcdf64b4843bb148b0b24c11b40f69",
    "https://deno.land/std@0.170.0/testing/_test_suite.ts": "2d07073d5460a4e3ec50c55ae822cd9bd136926d7363091379947fef9c73c3e4",
    "https://deno.land/std@0.170.0/testing/bdd.ts": "9c2cd8473968e14fa8fe29f261c607aac0350ab5a63bc4f5650b8d1554372c5f"
  }
}
